// !$*UTF8*$!
{
	archiveVersion = 1;
	classes = {
	};
	objectVersion = 77;
	objects = {

/* Begin PBXBuildFile section */
		0B8F51492B5297BC403882E9 /* NetworkPeerApp.swift in Sources */ = {isa = PBXBuildFile; fileRef = DDD64D5B14F158D269EDE7A3 /* NetworkPeerApp.swift */; };
		1B124C7FB639EC8F5C6B3999 /* EvidenceUploader.swift in Sources */ = {isa = PBXBuildFile; fileRef = 38F94D302B24AF0C447F1302 /* EvidenceUploader.swift */; };
		3C46CCF29F79939BAC34D765 /* NetworkPeerAPI.swift in Sources */ = {isa = PBXBuildFile; fileRef = 2793B7D408D088F1C42F220B /* NetworkPeerAPI.swift */; };
		419C2A841DE870392CE52AFA /* CreateJobView.swift in Sources */ = {isa = PBXBuildFile; fileRef = 1AF587E3A32F51525FB3C684 /* CreateJobView.swift */; };
		4EE82CCF32E34CDEBD6E9146 /* DataOnlyPushPayload.swift in Sources */ = {isa = PBXBuildFile; fileRef = 7EEDB774C4E8FD949C263577 /* DataOnlyPushPayload.swift */; };
		5363146A92970FA7542EB3DA /* SessionStore.swift in Sources */ = {isa = PBXBuildFile; fileRef = 43C2727B18F57153CAA6786F /* SessionStore.swift */; };
		5A37E69889B33C527475F1B9 /* NetworkPeerUITests.swift in Sources */ = {isa = PBXBuildFile; fileRef = B85218DFDE707A29297DBDF1 /* NetworkPeerUITests.swift */; };
		855AADC514B95FDF73F31236 /* NetworkPeerModels.swift in Sources */ = {isa = PBXBuildFile; fileRef = C27E637700892ADC02051F18 /* NetworkPeerModels.swift */; };
		8A3C55AB27A0D773F96D3C1C /* WorkspaceViews.swift in Sources */ = {isa = PBXBuildFile; fileRef = B6A29841B0C652DE5409A87E /* WorkspaceViews.swift */; };
		91AAEEC647D2F4837F826706 /* FirebaseMessaging in Frameworks */ = {isa = PBXBuildFile; productRef = 395CA09C34B866C1B2B51782 /* FirebaseMessaging */; };
		924F905A808E15025A0AB686 /* NetworkPeerTheme.swift in Sources */ = {isa = PBXBuildFile; fileRef = CFA93665BA26A6224AFAB147 /* NetworkPeerTheme.swift */; };
		98A8B75AD10F6C7C5E2FE78B /* LocalStore.swift in Sources */ = {isa = PBXBuildFile; fileRef = 0CEEC7F18E75A479EADC0C38 /* LocalStore.swift */; };
		9A814369FF3FC3187A5A16DE /* StripePaymentSheet in Frameworks */ = {isa = PBXBuildFile; productRef = 59ADFAA8B7ABDC0C727AEDFD /* StripePaymentSheet */; };
		A1D66F1562D0BD873356930E /* ClientEvidenceReviewView.swift in Sources */ = {isa = PBXBuildFile; fileRef = DD2EC9F1182D5B71D062532A /* ClientEvidenceReviewView.swift */; };
		C0FD42EFCCA57F3FCD09EFC2 /* InboxView.swift in Sources */ = {isa = PBXBuildFile; fileRef = 496232214FB61A90618503DF /* InboxView.swift */; };
		C77F3534B971E738D56F6D4F /* EvidenceCapture.swift in Sources */ = {isa = PBXBuildFile; fileRef = F407D34671E8925C74116E1B /* EvidenceCapture.swift */; };
		D26F27F02C7776472398E2F9 /* SocketIO in Frameworks */ = {isa = PBXBuildFile; productRef = 7E5C228948FF4A2060007C13 /* SocketIO */; };
		ECC61252AA6BB6926EC9439A /* FirebaseCore in Frameworks */ = {isa = PBXBuildFile; productRef = B2581DD577CDE9E092CF3D1A /* FirebaseCore */; };
		EDA070E2D24B1702C80F55A6 /* Assets.xcassets in Resources */ = {isa = PBXBuildFile; fileRef = B42B25A2A1B799503BED0F53 /* Assets.xcassets */; };
		EE75CD873A2F4B9DFCDA2E22 /* AppServices.swift in Sources */ = {isa = PBXBuildFile; fileRef = 831B657F338A1EDE7AD3155D /* AppServices.swift */; };
		FA3CE3CFE6916CC2A398FD92 /* Localizable.xcstrings in Resources */ = {isa = PBXBuildFile; fileRef = 785BD7D85E970D40CDB2DABA /* Localizable.xcstrings */; };
/* End PBXBuildFile section */

/* Begin PBXContainerItemProxy section */
		C28C11FD097119A70AF01D7E /* PBXContainerItemProxy */ = {
			isa = PBXContainerItemProxy;
			containerPortal = AB7F8341D61ED88396590797 /* Project object */;
			proxyType = 1;
			remoteGlobalIDString = ECBD4609DF4942019740BC5E;
			remoteInfo = NetworkPeer;
		};
/* End PBXContainerItemProxy section */

/* Begin PBXFileReference section */
		0CEEC7F18E75A479EADC0C38 /* LocalStore.swift */ = {isa = PBXFileReference; lastKnownFileType = sourcecode.swift; path = LocalStore.swift; sourceTree = "<group>"; };
		1904AA480EB5DF1E903367E8 /* Info.plist */ = {isa = PBXFileReference; lastKnownFileType = text.plist; path = Info.plist; sourceTree = "<group>"; };
		1AF587E3A32F51525FB3C684 /* CreateJobView.swift */ = {isa = PBXFileReference; lastKnownFileType = sourcecode.swift; path = CreateJobView.swift; sourceTree = "<group>"; };
		2793B7D408D088F1C42F220B /* NetworkPeerAPI.swift */ = {isa = PBXFileReference; lastKnownFileType = sourcecode.swift; path = NetworkPeerAPI.swift; sourceTree = "<group>"; };
		38F94D302B24AF0C447F1302 /* EvidenceUploader.swift */ = {isa = PBXFileReference; lastKnownFileType = sourcecode.swift; path = EvidenceUploader.swift; sourceTree = "<group>"; };
		43C2727B18F57153CAA6786F /* SessionStore.swift */ = {isa = PBXFileReference; lastKnownFileType = sourcecode.swift; path = SessionStore.swift; sourceTree = "<group>"; };
		496232214FB61A90618503DF /* InboxView.swift */ = {isa = PBXFileReference; lastKnownFileType = sourcecode.swift; path = InboxView.swift; sourceTree = "<group>"; };
		4ADE05B370F64910D8044E5A /* Config.Release.xcconfig */ = {isa = PBXFileReference; lastKnownFileType = text.xcconfig; path = Config.Release.xcconfig; sourceTree = "<group>"; };
		785BD7D85E970D40CDB2DABA /* Localizable.xcstrings */ = {isa = PBXFileReference; lastKnownFileType = text.json.xcstrings; path = Localizable.xcstrings; sourceTree = "<group>"; };
		7EEDB774C4E8FD949C263577 /* DataOnlyPushPayload.swift */ = {isa = PBXFileReference; lastKnownFileType = sourcecode.swift; path = DataOnlyPushPayload.swift; sourceTree = "<group>"; };
		81A927B0495A93217467F2C4 /* NetworkPeer.entitlements */ = {isa = PBXFileReference; lastKnownFileType = text.plist.entitlements; path = NetworkPeer.entitlements; sourceTree = "<group>"; };
		831B657F338A1EDE7AD3155D /* AppServices.swift */ = {isa = PBXFileReference; lastKnownFileType = sourcecode.swift; path = AppServices.swift; sourceTree = "<group>"; };
		B42B25A2A1B799503BED0F53 /* Assets.xcassets */ = {isa = PBXFileReference; lastKnownFileType = folder.assetcatalog; path = Assets.xcassets; sourceTree = "<group>"; };
		B6A29841B0C652DE5409A87E /* WorkspaceViews.swift */ = {isa = PBXFileReference; lastKnownFileType = sourcecode.swift; path = WorkspaceViews.swift; sourceTree = "<group>"; };
		B85218DFDE707A29297DBDF1 /* NetworkPeerUITests.swift */ = {isa = PBXFileReference; lastKnownFileType = sourcecode.swift; path = NetworkPeerUITests.swift; sourceTree = "<group>"; };
		C27E637700892ADC02051F18 /* NetworkPeerModels.swift */ = {isa = PBXFileReference; lastKnownFileType = sourcecode.swift; path = NetworkPeerModels.swift; sourceTree = "<group>"; };
		CE2B669302CC13B0EDC2DA35 /* Config.Debug.xcconfig */ = {isa = PBXFileReference; lastKnownFileType = text.xcconfig; path = Config.Debug.xcconfig; sourceTree = "<group>"; };
		CFA93665BA26A6224AFAB147 /* NetworkPeerTheme.swift */ = {isa = PBXFileReference; lastKnownFileType = sourcecode.swift; path = NetworkPeerTheme.swift; sourceTree = "<group>"; };
		DD2EC9F1182D5B71D062532A /* ClientEvidenceReviewView.swift */ = {isa = PBXFileReference; lastKnownFileType = sourcecode.swift; path = ClientEvidenceReviewView.swift; sourceTree = "<group>"; };
		DDD64D5B14F158D269EDE7A3 /* NetworkPeerApp.swift */ = {isa = PBXFileReference; lastKnownFileType = sourcecode.swift; path = NetworkPeerApp.swift; sourceTree = "<group>"; };
		F407D34671E8925C74116E1B /* EvidenceCapture.swift */ = {isa = PBXFileReference; lastKnownFileType = sourcecode.swift; path = EvidenceCapture.swift; sourceTree = "<group>"; };
		F5E124963AAAE50E3166952A /* NetworkPeer.app */ = {isa = PBXFileReference; explicitFileType = wrapper.application; includeInIndex = 0; path = NetworkPeer.app; sourceTree = BUILT_PRODUCTS_DIR; };
		FC28B7027D74A555E70E7976 /* NetworkPeerUITests.xctest */ = {isa = PBXFileReference; includeInIndex = 0; lastKnownFileType = wrapper.cfbundle; path = NetworkPeerUITests.xctest; sourceTree = BUILT_PRODUCTS_DIR; };
/* End PBXFileReference section */

/* Begin PBXFrameworksBuildPhase section */
		F7D8443B8F2619EB6B967CB7 /* Frameworks */ = {
			isa = PBXFrameworksBuildPhase;
			buildActionMask = 2147483647;
			files = (
				9A814369FF3FC3187A5A16DE /* StripePaymentSheet in Frameworks */,
				D26F27F02C7776472398E2F9 /* SocketIO in Frameworks */,
				ECC61252AA6BB6926EC9439A /* FirebaseCore in Frameworks */,
				91AAEEC647D2F4837F826706 /* FirebaseMessaging in Frameworks */,
			);
			runOnlyForDeploymentPostprocessing = 0;
		};
/* End PBXFrameworksBuildPhase section */

/* Begin PBXGroup section */
		2FB86768FAB7D264FF404740 = {
			isa = PBXGroup;
			children = (
				6B5798344C758D76C7ECA669 /* ios */,
				E3D860F6C50112D003662515 /* NetworkPeer */,
				A9429C6E238887794623DA0C /* NetworkPeerCore */,
				705E20D65CBDAB144AA34F4B /* NetworkPeerUITests */,
				5A003150D09A432F3C1B9C8C /* Products */,
			);
			sourceTree = "<group>";
		};
		395856A0197BF9442ECB157E /* Features */ = {
			isa = PBXGroup;
			children = (
				DD2EC9F1182D5B71D062532A /* ClientEvidenceReviewView.swift */,
				1AF587E3A32F51525FB3C684 /* CreateJobView.swift */,
				F407D34671E8925C74116E1B /* EvidenceCapture.swift */,
				496232214FB61A90618503DF /* InboxView.swift */,
				B6A29841B0C652DE5409A87E /* WorkspaceViews.swift */,
			);
			path = Features;
			sourceTree = "<group>";
		};
		5A003150D09A432F3C1B9C8C /* Products */ = {
			isa = PBXGroup;
			children = (
				F5E124963AAAE50E3166952A /* NetworkPeer.app */,
				FC28B7027D74A555E70E7976 /* NetworkPeerUITests.xctest */,
			);
			name = Products;
			sourceTree = "<group>";
		};
		6B5798344C758D76C7ECA669 /* ios */ = {
			isa = PBXGroup;
			children = (
				CE2B669302CC13B0EDC2DA35 /* Config.Debug.xcconfig */,
				4ADE05B370F64910D8044E5A /* Config.Release.xcconfig */,
			);
			name = ios;
			path = .;
			sourceTree = "<group>";
		};
		705E20D65CBDAB144AA34F4B /* NetworkPeerUITests */ = {
			isa = PBXGroup;
			children = (
				B85218DFDE707A29297DBDF1 /* NetworkPeerUITests.swift */,
			);
			path = NetworkPeerUITests;
			sourceTree = "<group>";
		};
		A9429C6E238887794623DA0C /* NetworkPeerCore */ = {
			isa = PBXGroup;
			children = (
				7EEDB774C4E8FD949C263577 /* DataOnlyPushPayload.swift */,
				38F94D302B24AF0C447F1302 /* EvidenceUploader.swift */,
				2793B7D408D088F1C42F220B /* NetworkPeerAPI.swift */,
				C27E637700892ADC02051F18 /* NetworkPeerModels.swift */,
				43C2727B18F57153CAA6786F /* SessionStore.swift */,
			);
			name = NetworkPeerCore;
			path = Sources/NetworkPeerCore;
			sourceTree = "<group>";
		};
		DB06DE791F2F178838715CA6 /* Design */ = {
			isa = PBXGroup;
			children = (
				CFA93665BA26A6224AFAB147 /* NetworkPeerTheme.swift */,
			);
			path = Design;
			sourceTree = "<group>";
		};
		E3D860F6C50112D003662515 /* NetworkPeer */ = {
			isa = PBXGroup;
			children = (
				831B657F338A1EDE7AD3155D /* AppServices.swift */,
				B42B25A2A1B799503BED0F53 /* Assets.xcassets */,
				1904AA480EB5DF1E903367E8 /* Info.plist */,
				785BD7D85E970D40CDB2DABA /* Localizable.xcstrings */,
				0CEEC7F18E75A479EADC0C38 /* LocalStore.swift */,
				81A927B0495A93217467F2C4 /* NetworkPeer.entitlements */,
				DDD64D5B14F158D269EDE7A3 /* NetworkPeerApp.swift */,
				DB06DE791F2F178838715CA6 /* Design */,
				395856A0197BF9442ECB157E /* Features */,
			);
			path = NetworkPeer;
			sourceTree = "<group>";
		};
/* End PBXGroup section */

/* Begin PBXNativeTarget section */
		ECBD4609DF4942019740BC5E /* NetworkPeer */ = {
			isa = PBXNativeTarget;
			buildConfigurationList = 9C7474F1A631DE09105ED5CB /* Build configuration list for PBXNativeTarget "NetworkPeer" */;
			buildPhases = (
				BA8262CC6FBA8A86F76F12A9 /* Sources */,
				50528D8372914DCF12E2BD9A /* Resources */,
				F7D8443B8F2619EB6B967CB7 /* Frameworks */,
			);
			buildRules = (
			);
			dependencies = (
			);
			name = NetworkPeer;
			packageProductDependencies = (
				59ADFAA8B7ABDC0C727AEDFD /* StripePaymentSheet */,
				7E5C228948FF4A2060007C13 /* SocketIO */,
				B2581DD577CDE9E092CF3D1A /* FirebaseCore */,
				395CA09C34B866C1B2B51782 /* FirebaseMessaging */,
			);
			productName = NetworkPeer;
			productReference = F5E124963AAAE50E3166952A /* NetworkPeer.app */;
			productType = "com.apple.product-type.application";
		};
		FE72D719251A8E9D5914EDDC /* NetworkPeerUITests */ = {
			isa = PBXNativeTarget;
			buildConfigurationList = 37F2D8AB8ABBC2D8610903AB /* Build configuration list for PBXNativeTarget "NetworkPeerUITests" */;
			buildPhases = (
				B9A580BBEDA3521E45F2A974 /* Sources */,
			);
			buildRules = (
			);
			dependencies = (
				590FAB2EF7D6924E16C47368 /* PBXTargetDependency */,
			);
			name = NetworkPeerUITests;
			packageProductDependencies = (
			);
			productName = NetworkPeerUITests;
			productReference = FC28B7027D74A555E70E7976 /* NetworkPeerUITests.xctest */;
			productType = "com.apple.product-type.bundle.ui-testing";
		};
/* End PBXNativeTarget section */

/* Begin PBXProject section */
		AB7F8341D61ED88396590797 /* Project object */ = {
			isa = PBXProject;
			attributes = {
				BuildIndependentTargetsInParallel = YES;
				LastUpgradeCheck = 1430;
				TargetAttributes = {
					ECBD4609DF4942019740BC5E = {
						ProvisioningStyle = Automatic;
					};
					FE72D719251A8E9D5914EDDC = {
						DevelopmentTeam = "";
						ProvisioningStyle = Automatic;
						TestTargetID = ECBD4609DF4942019740BC5E;
					};
				};
			};
			buildConfigurationList = DCF4EF14FF6B2D681E2CA56D /* Build configuration list for PBXProject "NetworkPeer" */;
			developmentRegion = en;
			hasScannedForEncodings = 0;
			knownRegions = (
				Base,
				en,
			);
			mainGroup = 2FB86768FAB7D264FF404740;
			minimizedProjectReferenceProxies = 1;
			packageReferences = (
				93A2466682DF94BEF274E7A1 /* XCRemoteSwiftPackageReference "firebase-ios-sdk" */,
				ADE940D501E26CAAFC0F8833 /* XCRemoteSwiftPackageReference "socket.io-client-swift" */,
				02CFC6A92C432CDF8BFC3489 /* XCRemoteSwiftPackageReference "stripe-ios" */,
			);
			preferredProjectObjectVersion = 77;
			productRefGroup = 5A003150D09A432F3C1B9C8C /* Products */;
			projectDirPath = "";
			projectRoot = "";
			targets = (
				ECBD4609DF4942019740BC5E /* NetworkPeer */,
				FE72D719251A8E9D5914EDDC /* NetworkPeerUITests */,
			);
		};
/* End PBXProject section */

/* Begin PBXResourcesBuildPhase section */
		50528D8372914DCF12E2BD9A /* Resources */ = {
			isa = PBXResourcesBuildPhase;
			buildActionMask = 2147483647;
			files = (
				EDA070E2D24B1702C80F55A6 /* Assets.xcassets in Resources */,
				FA3CE3CFE6916CC2A398FD92 /* Localizable.xcstrings in Resources */,
			);
			runOnlyForDeploymentPostprocessing = 0;
		};
/* End PBXResourcesBuildPhase section */

/* Begin PBXSourcesBuildPhase section */
		B9A580BBEDA3521E45F2A974 /* Sources */ = {
			isa = PBXSourcesBuildPhase;
			buildActionMask = 2147483647;
			files = (
				5A37E69889B33C527475F1B9 /* NetworkPeerUITests.swift in Sources */,
			);
			runOnlyForDeploymentPostprocessing = 0;
		};
		BA8262CC6FBA8A86F76F12A9 /* Sources */ = {
			isa = PBXSourcesBuildPhase;
			buildActionMask = 2147483647;
			files = (
				EE75CD873A2F4B9DFCDA2E22 /* AppServices.swift in Sources */,
				A1D66F1562D0BD873356930E /* ClientEvidenceReviewView.swift in Sources */,
				419C2A841DE870392CE52AFA /* CreateJobView.swift in Sources */,
				4EE82CCF32E34CDEBD6E9146 /* DataOnlyPushPayload.swift in Sources */,
				C77F3534B971E738D56F6D4F /* EvidenceCapture.swift in Sources */,
				1B124C7FB639EC8F5C6B3999 /* EvidenceUploader.swift in Sources */,
				C0FD42EFCCA57F3FCD09EFC2 /* InboxView.swift in Sources */,
				98A8B75AD10F6C7C5E2FE78B /* LocalStore.swift in Sources */,
				3C46CCF29F79939BAC34D765 /* NetworkPeerAPI.swift in Sources */,
				0B8F51492B5297BC403882E9 /* NetworkPeerApp.swift in Sources */,
				855AADC514B95FDF73F31236 /* NetworkPeerModels.swift in Sources */,
				924F905A808E15025A0AB686 /* NetworkPeerTheme.swift in Sources */,
				5363146A92970FA7542EB3DA /* SessionStore.swift in Sources */,
				8A3C55AB27A0D773F96D3C1C /* WorkspaceViews.swift in Sources */,
			);
			runOnlyForDeploymentPostprocessing = 0;
		};
/* End PBXSourcesBuildPhase section */

/* Begin PBXTargetDependency section */
		590FAB2EF7D6924E16C47368 /* PBXTargetDependency */ = {
			isa = PBXTargetDependency;
			target = ECBD4609DF4942019740BC5E /* NetworkPeer */;
			targetProxy = C28C11FD097119A70AF01D7E /* PBXContainerItemProxy */;
		};
/* End PBXTargetDependency section */

/* Begin XCBuildConfiguration section */
		104D9B9F747CDBC1EE424C9B /* Debug */ = {
			isa = XCBuildConfiguration;
			buildSettings = {
				ALWAYS_SEARCH_USER_PATHS = NO;
				CLANG_ANALYZER_NONNULL = YES;
				CLANG_ANALYZER_NUMBER_OBJECT_CONVERSION = YES_AGGRESSIVE;
				CLANG_CXX_LANGUAGE_STANDARD = "gnu++14";
				CLANG_CXX_LIBRARY = "libc++";
				CLANG_ENABLE_MODULES = YES;
				CLANG_ENABLE_OBJC_ARC = YES;
				CLANG_ENABLE_OBJC_WEAK = YES;
				CLANG_WARN_BLOCK_CAPTURE_AUTORELEASING = YES;
				CLANG_WARN_BOOL_CONVERSION = YES;
				CLANG_WARN_COMMA = YES;
				CLANG_WARN_CONSTANT_CONVERSION = YES;
				CLANG_WARN_DEPRECATED_OBJC_IMPLEMENTATIONS = YES;
				CLANG_WARN_DIRECT_OBJC_ISA_USAGE = YES_ERROR;
				CLANG_WARN_DOCUMENTATION_COMMENTS = YES;
				CLANG_WARN_EMPTY_BODY = YES;
				CLANG_WARN_ENUM_CONVERSION = YES;
				CLANG_WARN_INFINITE_RECURSION = YES;
				CLANG_WARN_INT_CONVERSION = YES;
				CLANG_WARN_NON_LITERAL_NULL_CONVERSION = YES;
				CLANG_WARN_OBJC_IMPLICIT_RETAIN_SELF = YES;
				CLANG_WARN_OBJC_LITERAL_CONVERSION = YES;
				CLANG_WARN_OBJC_ROOT_CLASS = YES_ERROR;
				CLANG_WARN_QUOTED_INCLUDE_IN_FRAMEWORK_HEADER = YES;
				CLANG_WARN_RANGE_LOOP_ANALYSIS = YES;
				CLANG_WARN_STRICT_PROTOTYPES = YES;
				CLANG_WARN_SUSPICIOUS_MOVE = YES;
				CLANG_WARN_UNGUARDED_AVAILABILITY = YES_AGGRESSIVE;
				CLANG_WARN_UNREACHABLE_CODE = YES;
				CLANG_WARN__DUPLICATE_METHOD_MATCH = YES;
				CODE_SIGN_STYLE = Automatic;
				COPY_PHASE_STRIP = NO;
				CURRENT_PROJECT_VERSION = 1;
				DEBUG_INFORMATION_FORMAT = dwarf;
				DEVELOPMENT_TEAM = "";
				ENABLE_STRICT_OBJC_MSGSEND = YES;
				ENABLE_TESTABILITY = YES;
				GCC_C_LANGUAGE_STANDARD = gnu11;
				GCC_DYNAMIC_NO_PIC = NO;
				GCC_NO_COMMON_BLOCKS = YES;
				GCC_OPTIMIZATION_LEVEL = 0;
				GCC_PREPROCESSOR_DEFINITIONS = (
					"$(inherited)",
					"DEBUG=1",
				);
				GCC_WARN_64_TO_32_BIT_CONVERSION = YES;
				GCC_WARN_ABOUT_RETURN_TYPE = YES_ERROR;
				GCC_WARN_UNDECLARED_SELECTOR = YES;
				GCC_WARN_UNINITIALIZED_AUTOS = YES_AGGRESSIVE;
				GCC_WARN_UNUSED_FUNCTION = YES;
				GCC_WARN_UNUSED_VARIABLE = YES;
				IPHONEOS_DEPLOYMENT_TARGET = 17.0;
				MARKETING_VERSION = 1.0.0;
				MTL_ENABLE_DEBUG_INFO = INCLUDE_SOURCE;
				MTL_FAST_MATH = YES;
				ONLY_ACTIVE_ARCH = YES;
				PRODUCT_BUNDLE_IDENTIFIER = com.networkpeer.mobile;
				PRODUCT_NAME = "$(TARGET_NAME)";
				SDKROOT = iphoneos;
				SWIFT_ACTIVE_COMPILATION_CONDITIONS = DEBUG;
				SWIFT_OPTIMIZATION_LEVEL = "-Onone";
				SWIFT_VERSION = 6.0;
			};
			name = Debug;
		};
		2A9C89542584A596365206D9 /* Debug */ = {
			isa = XCBuildConfiguration;
			baseConfigurationReference = CE2B669302CC13B0EDC2DA35 /* Config.Debug.xcconfig */;
			buildSettings = {
				ASSETCATALOG_COMPILER_APPICON_NAME = AppIcon;
				CODE_SIGN_ENTITLEMENTS = NetworkPeer/NetworkPeer.entitlements;
				CODE_SIGN_IDENTITY = "iPhone Developer";
				DEVELOPMENT_TEAM = 6M4JG8A27H;
				GENERATE_INFOPLIST_FILE = NO;
				INFOPLIST_FILE = NetworkPeer/Info.plist;
				LD_RUNPATH_SEARCH_PATHS = (
					"$(inherited)",
					"@executable_path/Frameworks",
				);
				NETWORKPEER_APNS_ENVIRONMENT = development;
				PRODUCT_BUNDLE_IDENTIFIER = com.adityasharma.networkpeer.mobile;
				PRODUCT_NAME = NetworkPeer;
				SDKROOT = iphoneos;
				SWIFT_OPTIMIZATION_LEVEL = "-Onone";
				SWIFT_STRICT_CONCURRENCY = complete;
				TARGETED_DEVICE_FAMILY = "1,2";
			};
			name = Debug;
		};
		508E1A52DBB6D6D23DFC2EDC /* Release */ = {
			isa = XCBuildConfiguration;
			baseConfigurationReference = 4ADE05B370F64910D8044E5A /* Config.Release.xcconfig */;
			buildSettings = {
				ASSETCATALOG_COMPILER_APPICON_NAME = AppIcon;
				CODE_SIGN_ENTITLEMENTS = NetworkPeer/NetworkPeer.entitlements;
				CODE_SIGN_IDENTITY = "iPhone Developer";
				DEBUG_INFORMATION_FORMAT = "dwarf-with-dsym";
				DEVELOPMENT_TEAM = 6M4JG8A27H;
				ENABLE_TESTABILITY = NO;
				GENERATE_INFOPLIST_FILE = NO;
				INFOPLIST_FILE = NetworkPeer/Info.plist;
				LD_RUNPATH_SEARCH_PATHS = (
					"$(inherited)",
					"@executable_path/Frameworks",
				);
				NETWORKPEER_APNS_ENVIRONMENT = production;
				PRODUCT_BUNDLE_IDENTIFIER = com.adityasharma.networkpeer.mobile;
				PRODUCT_NAME = NetworkPeer;
				SDKROOT = iphoneos;
				SWIFT_COMPILATION_MODE = wholemodule;
				SWIFT_OPTIMIZATION_LEVEL = "-O";
				SWIFT_STRICT_CONCURRENCY = complete;
				TARGETED_DEVICE_FAMILY = "1,2";
				VALIDATE_PRODUCT = YES;
			};
			name = Release;
		};
		511614119FC6101D28F18729 /* Debug */ = {
			isa = XCBuildConfiguration;
			buildSettings = {
				BUNDLE_LOADER = "$(TEST_HOST)";
				GENERATE_INFOPLIST_FILE = YES;
				LD_RUNPATH_SEARCH_PATHS = (
					"$(inherited)",
					"@executable_path/Frameworks",
					"@loader_path/Frameworks",
				);
				PRODUCT_BUNDLE_IDENTIFIER = com.networkpeer.mobile.uitests;
				SDKROOT = iphoneos;
				TARGETED_DEVICE_FAMILY = "1,2";
				TEST_TARGET_NAME = NetworkPeer;
			};
			name = Debug;
		};
		B46AB40EC01C436D93A8950B /* Release */ = {
			isa = XCBuildConfiguration;
			buildSettings = {
				BUNDLE_LOADER = "$(TEST_HOST)";
				GENERATE_INFOPLIST_FILE = YES;
				LD_RUNPATH_SEARCH_PATHS = (
					"$(inherited)",
					"@executable_path/Frameworks",
					"@loader_path/Frameworks",
				);
				PRODUCT_BUNDLE_IDENTIFIER = com.networkpeer.mobile.uitests;
				SDKROOT = iphoneos;
				TARGETED_DEVICE_FAMILY = "1,2";
				TEST_TARGET_NAME = NetworkPeer;
			};
			name = Release;
		};
		CD0BA7C33D558ECB3C063ECA /* Release */ = {
			isa = XCBuildConfiguration;
			buildSettings = {
				ALWAYS_SEARCH_USER_PATHS = NO;
				CLANG_ANALYZER_NONNULL = YES;
				CLANG_ANALYZER_NUMBER_OBJECT_CONVERSION = YES_AGGRESSIVE;
				CLANG_CXX_LANGUAGE_STANDARD = "gnu++14";
				CLANG_CXX_LIBRARY = "libc++";
				CLANG_ENABLE_MODULES = YES;
				CLANG_ENABLE_OBJC_ARC = YES;
				CLANG_ENABLE_OBJC_WEAK = YES;
				CLANG_WARN_BLOCK_CAPTURE_AUTORELEASING = YES;
				CLANG_WARN_BOOL_CONVERSION = YES;
				CLANG_WARN_COMMA = YES;
				CLANG_WARN_CONSTANT_CONVERSION = YES;
				CLANG_WARN_DEPRECATED_OBJC_IMPLEMENTATIONS = YES;
				CLANG_WARN_DIRECT_OBJC_ISA_USAGE = YES_ERROR;
				CLANG_WARN_DOCUMENTATION_COMMENTS = YES;
				CLANG_WARN_EMPTY_BODY = YES;
				CLANG_WARN_ENUM_CONVERSION = YES;
				CLANG_WARN_INFINITE_RECURSION = YES;
				CLANG_WARN_INT_CONVERSION = YES;
				CLANG_WARN_NON_LITERAL_NULL_CONVERSION = YES;
				CLANG_WARN_OBJC_IMPLICIT_RETAIN_SELF = YES;
				CLANG_WARN_OBJC_LITERAL_CONVERSION = YES;
				CLANG_WARN_OBJC_ROOT_CLASS = YES_ERROR;
				CLANG_WARN_QUOTED_INCLUDE_IN_FRAMEWORK_HEADER = YES;
				CLANG_WARN_RANGE_LOOP_ANALYSIS = YES;
				CLANG_WARN_STRICT_PROTOTYPES = YES;
				CLANG_WARN_SUSPICIOUS_MOVE = YES;
				CLANG_WARN_UNGUARDED_AVAILABILITY = YES_AGGRESSIVE;
				CLANG_WARN_UNREACHABLE_CODE = YES;
				CLANG_WARN__DUPLICATE_METHOD_MATCH = YES;
				CODE_SIGN_STYLE = Automatic;
				COPY_PHASE_STRIP = NO;
				CURRENT_PROJECT_VERSION = 1;
				DEBUG_INFORMATION_FORMAT = "dwarf-with-dsym";
				DEVELOPMENT_TEAM = "";
				ENABLE_NS_ASSERTIONS = NO;
				ENABLE_STRICT_OBJC_MSGSEND = YES;
				GCC_C_LANGUAGE_STANDARD = gnu11;
				GCC_NO_COMMON_BLOCKS = YES;
				GCC_WARN_64_TO_32_BIT_CONVERSION = YES;
				GCC_WARN_ABOUT_RETURN_TYPE = YES_ERROR;
				GCC_WARN_UNDECLARED_SELECTOR = YES;
				GCC_WARN_UNINITIALIZED_AUTOS = YES_AGGRESSIVE;
				GCC_WARN_UNUSED_FUNCTION = YES;
				GCC_WARN_UNUSED_VARIABLE = YES;
				IPHONEOS_DEPLOYMENT_TARGET = 17.0;
				MARKETING_VERSION = 1.0.0;
				MTL_ENABLE_DEBUG_INFO = NO;
				MTL_FAST_MATH = YES;
				PRODUCT_BUNDLE_IDENTIFIER = com.networkpeer.mobile;
				PRODUCT_NAME = "$(TARGET_NAME)";
				SDKROOT = iphoneos;
				SWIFT_COMPILATION_MODE = wholemodule;
				SWIFT_OPTIMIZATION_LEVEL = "-O";
				SWIFT_VERSION = 6.0;
			};
			name = Release;
		};
/* End XCBuildConfiguration section */

/* Begin XCConfigurationList section */
		37F2D8AB8ABBC2D8610903AB /* Build configuration list for PBXNativeTarget "NetworkPeerUITests" */ = {
			isa = XCConfigurationList;
			buildConfigurations = (
				511614119FC6101D28F18729 /* Debug */,
				B46AB40EC01C436D93A8950B /* Release */,
			);
			defaultConfigurationIsVisible = 0;
			defaultConfigurationName = Debug;
		};
		9C7474F1A631DE09105ED5CB /* Build configuration list for PBXNativeTarget "NetworkPeer" */ = {
			isa = XCConfigurationList;
			buildConfigurations = (
				2A9C89542584A596365206D9 /* Debug */,
				508E1A52DBB6D6D23DFC2EDC /* Release */,
			);
			defaultConfigurationIsVisible = 0;
			defaultConfigurationName = Debug;
		};
		DCF4EF14FF6B2D681E2CA56D /* Build configuration list for PBXProject "NetworkPeer" */ = {
			isa = XCConfigurationList;
			buildConfigurations = (
				104D9B9F747CDBC1EE424C9B /* Debug */,
				CD0BA7C33D558ECB3C063ECA /* Release */,
			);
			defaultConfigurationIsVisible = 0;
			defaultConfigurationName = Debug;
		};
/* End XCConfigurationList section */

/* Begin XCRemoteSwiftPackageReference section */
		02CFC6A92C432CDF8BFC3489 /* XCRemoteSwiftPackageReference "stripe-ios" */ = {
			isa = XCRemoteSwiftPackageReference;
			repositoryURL = "https://github.com/stripe/stripe-ios.git";
			requirement = {
				kind = upToNextMajorVersion;
				minimumVersion = 24.0.0;
			};
		};
		93A2466682DF94BEF274E7A1 /* XCRemoteSwiftPackageReference "firebase-ios-sdk" */ = {
			isa = XCRemoteSwiftPackageReference;
			repositoryURL = "https://github.com/firebase/firebase-ios-sdk.git";
			requirement = {
				kind = upToNextMajorVersion;
				minimumVersion = 10.0.0;
			};
		};
		ADE940D501E26CAAFC0F8833 /* XCRemoteSwiftPackageReference "socket.io-client-swift" */ = {
			isa = XCRemoteSwiftPackageReference;
			repositoryURL = "https://github.com/socketio/socket.io-client-swift.git";
			requirement = {
				kind = upToNextMajorVersion;
				minimumVersion = 16.1.1;
			};
		};
/* End XCRemoteSwiftPackageReference section */

/* Begin XCSwiftPackageProductDependency section */
		395CA09C34B866C1B2B51782 /* FirebaseMessaging */ = {
			isa = XCSwiftPackageProductDependency;
			package = 93A2466682DF94BEF274E7A1 /* XCRemoteSwiftPackageReference "firebase-ios-sdk" */;
			productName = FirebaseMessaging;
		};
		59ADFAA8B7ABDC0C727AEDFD /* StripePaymentSheet */ = {
			isa = XCSwiftPackageProductDependency;
			package = 02CFC6A92C432CDF8BFC3489 /* XCRemoteSwiftPackageReference "stripe-ios" */;
			productName = StripePaymentSheet;
		};
		7E5C228948FF4A2060007C13 /* SocketIO */ = {
			isa = XCSwiftPackageProductDependency;
			package = ADE940D501E26CAAFC0F8833 /* XCRemoteSwiftPackageReference "socket.io-client-swift" */;
			productName = SocketIO;
		};
		B2581DD577CDE9E092CF3D1A /* FirebaseCore */ = {
			isa = XCSwiftPackageProductDependency;
			package = 93A2466682DF94BEF274E7A1 /* XCRemoteSwiftPackageReference "firebase-ios-sdk" */;
			productName = FirebaseCore;
		};
/* End XCSwiftPackageProductDependency section */
	};
	rootObject = AB7F8341D61ED88396590797 /* Project object */;
}
